
Microsoft Visual Studio Solution File, Format Version 12.00
Project("{FAE04EC0-301F-11D3-BF4B-00C04F79EFBC}") = "AT_application_Turismo", "AT_application_Turismo\AT_application_Turismo.csproj", "{648F3ED9-E305-46D8-95D3-145EA8FD2795}"
EndProject
Project("{2150E333-8FDC-42A3-9474-1A3956D46DE8}") = "Services", "Services", "{7B12E4DF-DEEA-4475-9445-0B1B9766DFC1}"
EndProject
Global
	GlobalSection(SolutionConfigurationPlatforms) = preSolution
		Debug|Any CPU = Debug|Any CPU
		Release|Any CPU = Release|Any CPU
	EndGlobalSection
	GlobalSection(ProjectConfigurationPlatforms) = postSolution
		{648F3ED9-E305-46D8-95D3-145EA8FD2795}.Debug|Any CPU.ActiveCfg = Debug|Any CPU
		{648F3ED9-E305-46D8-95D3-145EA8FD2795}.Debug|Any CPU.Build.0 = Debug|Any CPU
		{648F3ED9-E305-46D8-95D3-145EA8FD2795}.Release|Any CPU.ActiveCfg = Release|Any CPU
		{648F3ED9-E305-46D8-95D3-145EA8FD2795}.Release|Any CPU.Build.0 = Release|Any CPU
	EndGlobalSection
EndGlobal
